
Microsoft Visual Studio Solution File, Format Version 12.00
# Visual Studio 15
VisualStudioVersion = 15.0.28307.421
MinimumVisualStudioVersion = 10.0.40219.1
Project("{FAE04EC0-301F-11D3-BF4B-00C04F79EFBC}") = "Class-2", "Class-2\Class-2.csproj", "{068AF782-E1BE-41B1-AB62-678C217BE093}"
EndProject
Global
	GlobalSection(SolutionConfigurationPlatforms) = preSolution
		Debug|Any CPU = Debug|Any CPU
		Release|Any CPU = Release|Any CPU
	EndGlobalSection
	GlobalSection(ProjectConfigurationPlatforms) = postSolution
		{068AF782-E1BE-41B1-AB62-678C217BE093}.Debug|Any CPU.ActiveCfg = Debug|Any CPU
		{068AF782-E1BE-41B1-AB62-678C217BE093}.Debug|Any CPU.Build.0 = Debug|Any CPU
		{068AF782-E1BE-41B1-AB62-678C217BE093}.Release|Any CPU.ActiveCfg = Release|Any CPU
		{068AF782-E1BE-41B1-AB62-678C217BE093}.Release|Any CPU.Build.0 = Release|Any CPU
	EndGlobalSection
	GlobalSection(SolutionProperties) = preSolution
		HideSolutionNode = FALSE
	EndGlobalSection
	GlobalSection(ExtensibilityGlobals) = postSolution
		SolutionGuid = {311B9EA6-A0DA-43A5-83E3-2CEAD01F40C6}
	EndGlobalSection
EndGlobal
